// !$*UTF8*$!
{
	archiveVersion = 1;
	classes = {
	};
	objectVersion = 56;
	objects = {

/* Begin PBXBuildFile section */
		4E18149D2ABDA7AE00EE2A3C /* Menu.swift in Sources */ = {isa = PBXBuildFile; fileRef = 4E18149C2ABDA7AE00EE2A3C /* Menu.swift */; };
		4E1814A42ABDF56800EE2A3C /* SubMenu.swift in Sources */ = {isa = PBXBuildFile; fileRef = 4E1814A32ABDF56800EE2A3C /* SubMenu.swift */; };
		4E65013E2ABC5C2C00D0FD22 /* AppDelegate.swift in Sources */ = {isa = PBXBuildFile; fileRef = 4E65013D2ABC5C2C00D0FD22 /* AppDelegate.swift */; };
		4E6501402ABC5C2C00D0FD22 /* SceneDelegate.swift in Sources */ = {isa = PBXBuildFile; fileRef = 4E65013F2ABC5C2C00D0FD22 /* SceneDelegate.swift */; };
		4E6501422ABC5C2C00D0FD22 /* MenuViewController.swift in Sources */ = {isa = PBXBuildFile; fileRef = 4E6501412ABC5C2C00D0FD22 /* MenuViewController.swift */; };
		4E6501472ABC5C2D00D0FD22 /* Assets.xcassets in Resources */ = {isa = PBXBuildFile; fileRef = 4E6501462ABC5C2D00D0FD22 /* Assets.xcassets */; };
		4E65014A2ABC5C2D00D0FD22 /* LaunchScreen.storyboard in Resources */ = {isa = PBXBuildFile; fileRef = 4E6501482ABC5C2D00D0FD22 /* LaunchScreen.storyboard */; };
		4E6501582ABC69F900D0FD22 /* Config.swift in Sources */ = {isa = PBXBuildFile; fileRef = 4E6501572ABC69F900D0FD22 /* Config.swift */; };
		4E65015A2ABCDD1600D0FD22 /* APIRouter.swift in Sources */ = {isa = PBXBuildFile; fileRef = 4E6501592ABCDD1600D0FD22 /* APIRouter.swift */; };
		4E65015C2ABCE0C000D0FD22 /* Provider.swift in Sources */ = {isa = PBXBuildFile; fileRef = 4E65015B2ABCE0C000D0FD22 /* Provider.swift */; };
		4EB003802ABF7513000D270D /* MenuRouter.swift in Sources */ = {isa = PBXBuildFile; fileRef = 4EB0037F2ABF7513000D270D /* MenuRouter.swift */; };
		4EB003822ABF751C000D270D /* MenuProvider.swift in Sources */ = {isa = PBXBuildFile; fileRef = 4EB003812ABF751C000D270D /* MenuProvider.swift */; };
		4EB003862ABF7E06000D270D /* SubMenuRouter.swift in Sources */ = {isa = PBXBuildFile; fileRef = 4EB003852ABF7E06000D270D /* SubMenuRouter.swift */; };
		4EB003882ABF7E10000D270D /* SubMenuProvider.swift in Sources */ = {isa = PBXBuildFile; fileRef = 4EB003872ABF7E10000D270D /* SubMenuProvider.swift */; };
		4EE848932AC03FDC00FBA4B5 /* TabBarController.swift in Sources */ = {isa = PBXBuildFile; fileRef = 4EE848922AC03FDC00FBA4B5 /* TabBarController.swift */; };
		4EE848952AC0405800FBA4B5 /* SecondViewController.swift in Sources */ = {isa = PBXBuildFile; fileRef = 4EE848942AC0405800FBA4B5 /* SecondViewController.swift */; };
		4EE848972AC0406300FBA4B5 /* ThirdViewController.swift in Sources */ = {isa = PBXBuildFile; fileRef = 4EE848962AC0406300FBA4B5 /* ThirdViewController.swift */; };
		4EE8489A2AC05DA100FBA4B5 /* Extension + UIViewController.swift in Sources */ = {isa = PBXBuildFile; fileRef = 4EE848992AC05DA100FBA4B5 /* Extension + UIViewController.swift */; };
/* End PBXBuildFile section */

/* Begin PBXFileReference section */
		4E18149C2ABDA7AE00EE2A3C /* Menu.swift */ = {isa = PBXFileReference; lastKnownFileType = sourcecode.swift; path = Menu.swift; sourceTree = "<group>"; };
		4E1814A32ABDF56800EE2A3C /* SubMenu.swift */ = {isa = PBXFileReference; lastKnownFileType = sourcecode.swift; path = SubMenu.swift; sourceTree = "<group>"; };
		4E65013A2ABC5C2C00D0FD22 /* AsianFoodMenu.app */ = {isa = PBXFileReference; explicitFileType = wrapper.application; includeInIndex = 0; path = AsianFoodMenu.app; sourceTree = BUILT_PRODUCTS_DIR; };
		4E65013D2ABC5C2C00D0FD22 /* AppDelegate.swift */ = {isa = PBXFileReference; lastKnownFileType = sourcecode.swift; path = AppDelegate.swift; sourceTree = "<group>"; };
		4E65013F2ABC5C2C00D0FD22 /* SceneDelegate.swift */ = {isa = PBXFileReference; lastKnownFileType = sourcecode.swift; path = SceneDelegate.swift; sourceTree = "<group>"; };
		4E6501412ABC5C2C00D0FD22 /* MenuViewController.swift */ = {isa = PBXFileReference; lastKnownFileType = sourcecode.swift; path = MenuViewController.swift; sourceTree = "<group>"; };
		4E6501462ABC5C2D00D0FD22 /* Assets.xcassets */ = {isa = PBXFileReference; lastKnownFileType = folder.assetcatalog; path = Assets.xcassets; sourceTree = "<group>"; };
		4E6501492ABC5C2D00D0FD22 /* Base */ = {isa = PBXFileReference; lastKnownFileType = file.storyboard; name = Base; path = Base.lproj/LaunchScreen.storyboard; sourceTree = "<group>"; };
		4E65014B2ABC5C2D00D0FD22 /* Info.plist */ = {isa = PBXFileReference; lastKnownFileType = text.plist.xml; path = Info.plist; sourceTree = "<group>"; };
		4E6501572ABC69F900D0FD22 /* Config.swift */ = {isa = PBXFileReference; lastKnownFileType = sourcecode.swift; path = Config.swift; sourceTree = "<group>"; };
		4E6501592ABCDD1600D0FD22 /* APIRouter.swift */ = {isa = PBXFileReference; lastKnownFileType = sourcecode.swift; path = APIRouter.swift; sourceTree = "<group>"; };
		4E65015B2ABCE0C000D0FD22 /* Provider.swift */ = {isa = PBXFileReference; lastKnownFileType = sourcecode.swift; path = Provider.swift; sourceTree = "<group>"; };
		4EB0037F2ABF7513000D270D /* MenuRouter.swift */ = {isa = PBXFileReference; lastKnownFileType = sourcecode.swift; path = MenuRouter.swift; sourceTree = "<group>"; };
		4EB003812ABF751C000D270D /* MenuProvider.swift */ = {isa = PBXFileReference; lastKnownFileType = sourcecode.swift; path = MenuProvider.swift; sourceTree = "<group>"; };
		4EB003852ABF7E06000D270D /* SubMenuRouter.swift */ = {isa = PBXFileReference; lastKnownFileType = sourcecode.swift; path = SubMenuRouter.swift; sourceTree = "<group>"; };
		4EB003872ABF7E10000D270D /* SubMenuProvider.swift */ = {isa = PBXFileReference; lastKnownFileType = sourcecode.swift; path = SubMenuProvider.swift; sourceTree = "<group>"; };
		4EE848922AC03FDC00FBA4B5 /* TabBarController.swift */ = {isa = PBXFileReference; lastKnownFileType = sourcecode.swift; path = TabBarController.swift; sourceTree = "<group>"; };
		4EE848942AC0405800FBA4B5 /* SecondViewController.swift */ = {isa = PBXFileReference; lastKnownFileType = sourcecode.swift; path = SecondViewController.swift; sourceTree = "<group>"; };
		4EE848962AC0406300FBA4B5 /* ThirdViewController.swift */ = {isa = PBXFileReference; lastKnownFileType = sourcecode.swift; path = ThirdViewController.swift; sourceTree = "<group>"; };
		4EE848992AC05DA100FBA4B5 /* Extension + UIViewController.swift */ = {isa = PBXFileReference; lastKnownFileType = sourcecode.swift; path = "Extension + UIViewController.swift"; sourceTree = "<group>"; };
/* End PBXFileReference section */

/* Begin PBXFrameworksBuildPhase section */
		4E6501372ABC5C2C00D0FD22 /* Frameworks */ = {
			isa = PBXFrameworksBuildPhase;
			buildActionMask = 2147483647;
			files = (
			);
			runOnlyForDeploymentPostprocessing = 0;
		};
/* End PBXFrameworksBuildPhase section */

/* Begin PBXGroup section */
		4E18149B2ABDA5A600EE2A3C /* ConfigUrl */ = {
			isa = PBXGroup;
			children = (
				4E6501572ABC69F900D0FD22 /* Config.swift */,
			);
			path = ConfigUrl;
			sourceTree = "<group>";
		};
		4E6501312ABC5C2C00D0FD22 = {
			isa = PBXGroup;
			children = (
				4E65013C2ABC5C2C00D0FD22 /* AsianFoodMenu */,
				4E65013B2ABC5C2C00D0FD22 /* Products */,
			);
			sourceTree = "<group>";
		};
		4E65013B2ABC5C2C00D0FD22 /* Products */ = {
			isa = PBXGroup;
			children = (
				4E65013A2ABC5C2C00D0FD22 /* AsianFoodMenu.app */,
			);
			name = Products;
			sourceTree = "<group>";
		};
		4E65013C2ABC5C2C00D0FD22 /* AsianFoodMenu */ = {
			isa = PBXGroup;
			children = (
				4E6501512ABC63BD00D0FD22 /* App */,
				4EE848912AC03FBE00FBA4B5 /* Common */,
				4E6501542ABC64C600D0FD22 /* Models */,
				4E6501552ABC64EC00D0FD22 /* NetworkingService */,
				4E6501532ABC643D00D0FD22 /* ViewControllers */,
				4EE848982AC05D7700FBA4B5 /* Extensions */,
				4E6501562ABC653400D0FD22 /* Views */,
				4E18149B2ABDA5A600EE2A3C /* ConfigUrl */,
				4E6501522ABC63E200D0FD22 /* Resources */,
			);
			path = AsianFoodMenu;
			sourceTree = "<group>";
		};
		4E6501512ABC63BD00D0FD22 /* App */ = {
			isa = PBXGroup;
			children = (
				4E65013D2ABC5C2C00D0FD22 /* AppDelegate.swift */,
				4E65013F2ABC5C2C00D0FD22 /* SceneDelegate.swift */,
				4E6501482ABC5C2D00D0FD22 /* LaunchScreen.storyboard */,
				4E65014B2ABC5C2D00D0FD22 /* Info.plist */,
			);
			path = App;
			sourceTree = "<group>";
		};
		4E6501522ABC63E200D0FD22 /* Resources */ = {
			isa = PBXGroup;
			children = (
				4E6501462ABC5C2D00D0FD22 /* Assets.xcassets */,
			);
			path = Resources;
			sourceTree = "<group>";
		};
		4E6501532ABC643D00D0FD22 /* ViewControllers */ = {
			isa = PBXGroup;
			children = (
				4E6501412ABC5C2C00D0FD22 /* MenuViewController.swift */,
				4EE848942AC0405800FBA4B5 /* SecondViewController.swift */,
				4EE848962AC0406300FBA4B5 /* ThirdViewController.swift */,
			);
			path = ViewControllers;
			sourceTree = "<group>";
		};
		4E6501542ABC64C600D0FD22 /* Models */ = {
			isa = PBXGroup;
			children = (
				4E18149C2ABDA7AE00EE2A3C /* Menu.swift */,
				4E1814A32ABDF56800EE2A3C /* SubMenu.swift */,
			);
			path = Models;
			sourceTree = "<group>";
		};
		4E6501552ABC64EC00D0FD22 /* NetworkingService */ = {
			isa = PBXGroup;
			children = (
				4E6501592ABCDD1600D0FD22 /* APIRouter.swift */,
				4E65015B2ABCE0C000D0FD22 /* Provider.swift */,
				4EB003832ABF7535000D270D /* MenuNetwork */,
				4EB003842ABF7DED000D270D /* SubMenuNetwork */,
			);
			path = NetworkingService;
			sourceTree = "<group>";
		};
		4E6501562ABC653400D0FD22 /* Views */ = {
			isa = PBXGroup;
			children = (
			);
			path = Views;
			sourceTree = "<group>";
		};
		4EB003832ABF7535000D270D /* MenuNetwork */ = {
			isa = PBXGroup;
			children = (
				4EB0037F2ABF7513000D270D /* MenuRouter.swift */,
				4EB003812ABF751C000D270D /* MenuProvider.swift */,
			);
			path = MenuNetwork;
			sourceTree = "<group>";
		};
		4EB003842ABF7DED000D270D /* SubMenuNetwork */ = {
			isa = PBXGroup;
			children = (
				4EB003852ABF7E06000D270D /* SubMenuRouter.swift */,
				4EB003872ABF7E10000D270D /* SubMenuProvider.swift */,
			);
			path = SubMenuNetwork;
			sourceTree = "<group>";
		};
		4EE848912AC03FBE00FBA4B5 /* Common */ = {
			isa = PBXGroup;
			children = (
				4EE848922AC03FDC00FBA4B5 /* TabBarController.swift */,
			);
			path = Common;
			sourceTree = "<group>";
		};
		4EE848982AC05D7700FBA4B5 /* Extensions */ = {
			isa = PBXGroup;
			children = (
				4EE848992AC05DA100FBA4B5 /* Extension + UIViewController.swift */,
			);
			path = Extensions;
			sourceTree = "<group>";
		};
/* End PBXGroup section */

/* Begin PBXNativeTarget section */
		4E6501392ABC5C2C00D0FD22 /* AsianFoodMenu */ = {
			isa = PBXNativeTarget;
			buildConfigurationList = 4E65014E2ABC5C2D00D0FD22 /* Build configuration list for PBXNativeTarget "AsianFoodMenu" */;
			buildPhases = (
				4E6501362ABC5C2C00D0FD22 /* Sources */,
				4E6501372ABC5C2C00D0FD22 /* Frameworks */,
				4E6501382ABC5C2C00D0FD22 /* Resources */,
			);
			buildRules = (
			);
			dependencies = (
			);
			name = AsianFoodMenu;
			productName = AsianFoodMenu;
			productReference = 4E65013A2ABC5C2C00D0FD22 /* AsianFoodMenu.app */;
			productType = "com.apple.product-type.application";
		};
/* End PBXNativeTarget section */

/* Begin PBXProject section */
		4E6501322ABC5C2C00D0FD22 /* Project object */ = {
			isa = PBXProject;
			attributes = {
				BuildIndependentTargetsInParallel = 1;
				LastSwiftUpdateCheck = 1410;
				LastUpgradeCheck = 1410;
				TargetAttributes = {
					4E6501392ABC5C2C00D0FD22 = {
						CreatedOnToolsVersion = 14.1;
					};
				};
			};
			buildConfigurationList = 4E6501352ABC5C2C00D0FD22 /* Build configuration list for PBXProject "AsianFoodMenu" */;
			compatibilityVersion = "Xcode 14.0";
			developmentRegion = en;
			hasScannedForEncodings = 0;
			knownRegions = (
				en,
				Base,
			);
			mainGroup = 4E6501312ABC5C2C00D0FD22;
			productRefGroup = 4E65013B2ABC5C2C00D0FD22 /* Products */;
			projectDirPath = "";
			projectRoot = "";
			targets = (
				4E6501392ABC5C2C00D0FD22 /* AsianFoodMenu */,
			);
		};
/* End PBXProject section */

/* Begin PBXResourcesBuildPhase section */
		4E6501382ABC5C2C00D0FD22 /* Resources */ = {
			isa = PBXResourcesBuildPhase;
			buildActionMask = 2147483647;
			files = (
				4E65014A2ABC5C2D00D0FD22 /* LaunchScreen.storyboard in Resources */,
				4E6501472ABC5C2D00D0FD22 /* Assets.xcassets in Resources */,
			);
			runOnlyForDeploymentPostprocessing = 0;
		};
/* End PBXResourcesBuildPhase section */

/* Begin PBXSourcesBuildPhase section */
		4E6501362ABC5C2C00D0FD22 /* Sources */ = {
			isa = PBXSourcesBuildPhase;
			buildActionMask = 2147483647;
			files = (
				4E6501422ABC5C2C00D0FD22 /* MenuViewController.swift in Sources */,
				4EE848932AC03FDC00FBA4B5 /* TabBarController.swift in Sources */,
				4E65013E2ABC5C2C00D0FD22 /* AppDelegate.swift in Sources */,
				4E6501582ABC69F900D0FD22 /* Config.swift in Sources */,
				4EE848952AC0405800FBA4B5 /* SecondViewController.swift in Sources */,
				4E6501402ABC5C2C00D0FD22 /* SceneDelegate.swift in Sources */,
				4E65015C2ABCE0C000D0FD22 /* Provider.swift in Sources */,
				4EE848972AC0406300FBA4B5 /* ThirdViewController.swift in Sources */,
				4EB003882ABF7E10000D270D /* SubMenuProvider.swift in Sources */,
				4E1814A42ABDF56800EE2A3C /* SubMenu.swift in Sources */,
				4EE8489A2AC05DA100FBA4B5 /* Extension + UIViewController.swift in Sources */,
				4EB003802ABF7513000D270D /* MenuRouter.swift in Sources */,
				4EB003862ABF7E06000D270D /* SubMenuRouter.swift in Sources */,
				4EB003822ABF751C000D270D /* MenuProvider.swift in Sources */,
				4E18149D2ABDA7AE00EE2A3C /* Menu.swift in Sources */,
				4E65015A2ABCDD1600D0FD22 /* APIRouter.swift in Sources */,
			);
			runOnlyForDeploymentPostprocessing = 0;
		};
/* End PBXSourcesBuildPhase section */

/* Begin PBXVariantGroup section */
		4E6501482ABC5C2D00D0FD22 /* LaunchScreen.storyboard */ = {
			isa = PBXVariantGroup;
			children = (
				4E6501492ABC5C2D00D0FD22 /* Base */,
			);
			name = LaunchScreen.storyboard;
			sourceTree = "<group>";
		};
/* End PBXVariantGroup section */

/* Begin XCBuildConfiguration section */
		4E65014C2ABC5C2D00D0FD22 /* Debug */ = {
			isa = XCBuildConfiguration;
			buildSettings = {
				ALWAYS_SEARCH_USER_PATHS = NO;
				CLANG_ANALYZER_NONNULL = YES;
				CLANG_ANALYZER_NUMBER_OBJECT_CONVERSION = YES_AGGRESSIVE;
				CLANG_CXX_LANGUAGE_STANDARD = "gnu++20";
				CLANG_ENABLE_MODULES = YES;
				CLANG_ENABLE_OBJC_ARC = YES;
				CLANG_ENABLE_OBJC_WEAK = YES;
				CLANG_WARN_BLOCK_CAPTURE_AUTORELEASING = YES;
				CLANG_WARN_BOOL_CONVERSION = YES;
				CLANG_WARN_COMMA = YES;
				CLANG_WARN_CONSTANT_CONVERSION = YES;
				CLANG_WARN_DEPRECATED_OBJC_IMPLEMENTATIONS = YES;
				CLANG_WARN_DIRECT_OBJC_ISA_USAGE = YES_ERROR;
				CLANG_WARN_DOCUMENTATION_COMMENTS = YES;
				CLANG_WARN_EMPTY_BODY = YES;
				CLANG_WARN_ENUM_CONVERSION = YES;
				CLANG_WARN_INFINITE_RECURSION = YES;
				CLANG_WARN_INT_CONVERSION = YES;
				CLANG_WARN_NON_LITERAL_NULL_CONVERSION = YES;
				CLANG_WARN_OBJC_IMPLICIT_RETAIN_SELF = YES;
				CLANG_WARN_OBJC_LITERAL_CONVERSION = YES;
				CLANG_WARN_OBJC_ROOT_CLASS = YES_ERROR;
				CLANG_WARN_QUOTED_INCLUDE_IN_FRAMEWORK_HEADER = YES;
				CLANG_WARN_RANGE_LOOP_ANALYSIS = YES;
				CLANG_WARN_STRICT_PROTOTYPES = YES;
				CLANG_WARN_SUSPICIOUS_MOVE = YES;
				CLANG_WARN_UNGUARDED_AVAILABILITY = YES_AGGRESSIVE;
				CLANG_WARN_UNREACHABLE_CODE = YES;
				CLANG_WARN__DUPLICATE_METHOD_MATCH = YES;
				COPY_PHASE_STRIP = NO;
				DEBUG_INFORMATION_FORMAT = dwarf;
				ENABLE_STRICT_OBJC_MSGSEND = YES;
				ENABLE_TESTABILITY = YES;
				GCC_C_LANGUAGE_STANDARD = gnu11;
				GCC_DYNAMIC_NO_PIC = NO;
				GCC_NO_COMMON_BLOCKS = YES;
				GCC_OPTIMIZATION_LEVEL = 0;
				GCC_PREPROCESSOR_DEFINITIONS = (
					"DEBUG=1",
					"$(inherited)",
				);
				GCC_WARN_64_TO_32_BIT_CONVERSION = YES;
				GCC_WARN_ABOUT_RETURN_TYPE = YES_ERROR;
				GCC_WARN_UNDECLARED_SELECTOR = YES;
				GCC_WARN_UNINITIALIZED_AUTOS = YES_AGGRESSIVE;
				GCC_WARN_UNUSED_FUNCTION = YES;
				GCC_WARN_UNUSED_VARIABLE = YES;
				IPHONEOS_DEPLOYMENT_TARGET = 16.1;
				MTL_ENABLE_DEBUG_INFO = INCLUDE_SOURCE;
				MTL_FAST_MATH = YES;
				ONLY_ACTIVE_ARCH = YES;
				SDKROOT = iphoneos;
				SWIFT_ACTIVE_COMPILATION_CONDITIONS = DEBUG;
				SWIFT_OPTIMIZATION_LEVEL = "-Onone";
			};
			name = Debug;
		};
		4E65014D2ABC5C2D00D0FD22 /* Release */ = {
			isa = XCBuildConfiguration;
			buildSettings = {
				ALWAYS_SEARCH_USER_PATHS = NO;
				CLANG_ANALYZER_NONNULL = YES;
				CLANG_ANALYZER_NUMBER_OBJECT_CONVERSION = YES_AGGRESSIVE;
				CLANG_CXX_LANGUAGE_STANDARD = "gnu++20";
				CLANG_ENABLE_MODULES = YES;
				CLANG_ENABLE_OBJC_ARC = YES;
				CLANG_ENABLE_OBJC_WEAK = YES;
				CLANG_WARN_BLOCK_CAPTURE_AUTORELEASING = YES;
				CLANG_WARN_BOOL_CONVERSION = YES;
				CLANG_WARN_COMMA = YES;
				CLANG_WARN_CONSTANT_CONVERSION = YES;
				CLANG_WARN_DEPRECATED_OBJC_IMPLEMENTATIONS = YES;
				CLANG_WARN_DIRECT_OBJC_ISA_USAGE = YES_ERROR;
				CLANG_WARN_DOCUMENTATION_COMMENTS = YES;
				CLANG_WARN_EMPTY_BODY = YES;
				CLANG_WARN_ENUM_CONVERSION = YES;
				CLANG_WARN_INFINITE_RECURSION = YES;
				CLANG_WARN_INT_CONVERSION = YES;
				CLANG_WARN_NON_LITERAL_NULL_CONVERSION = YES;
				CLANG_WARN_OBJC_IMPLICIT_RETAIN_SELF = YES;
				CLANG_WARN_OBJC_LITERAL_CONVERSION = YES;
				CLANG_WARN_OBJC_ROOT_CLASS = YES_ERROR;
				CLANG_WARN_QUOTED_INCLUDE_IN_FRAMEWORK_HEADER = YES;
				CLANG_WARN_RANGE_LOOP_ANALYSIS = YES;
				CLANG_WARN_STRICT_PROTOTYPES = YES;
				CLANG_WARN_SUSPICIOUS_MOVE = YES;
				CLANG_WARN_UNGUARDED_AVAILABILITY = YES_AGGRESSIVE;
				CLANG_WARN_UNREACHABLE_CODE = YES;
				CLANG_WARN__DUPLICATE_METHOD_MATCH = YES;
				COPY_PHASE_STRIP = NO;
				DEBUG_INFORMATION_FORMAT = "dwarf-with-dsym";
				ENABLE_NS_ASSERTIONS = NO;
				ENABLE_STRICT_OBJC_MSGSEND = YES;
				GCC_C_LANGUAGE_STANDARD = gnu11;
				GCC_NO_COMMON_BLOCKS = YES;
				GCC_WARN_64_TO_32_BIT_CONVERSION = YES;
				GCC_WARN_ABOUT_RETURN_TYPE = YES_ERROR;
				GCC_WARN_UNDECLARED_SELECTOR = YES;
				GCC_WARN_UNINITIALIZED_AUTOS = YES_AGGRESSIVE;
				GCC_WARN_UNUSED_FUNCTION = YES;
				GCC_WARN_UNUSED_VARIABLE = YES;
				IPHONEOS_DEPLOYMENT_TARGET = 16.1;
				MTL_ENABLE_DEBUG_INFO = NO;
				MTL_FAST_MATH = YES;
				SDKROOT = iphoneos;
				SWIFT_COMPILATION_MODE = wholemodule;
				SWIFT_OPTIMIZATION_LEVEL = "-O";
				VALIDATE_PRODUCT = YES;
			};
			name = Release;
		};
		4E65014F2ABC5C2D00D0FD22 /* Debug */ = {
			isa = XCBuildConfiguration;
			buildSettings = {
				ASSETCATALOG_COMPILER_APPICON_NAME = AppIcon;
				ASSETCATALOG_COMPILER_GLOBAL_ACCENT_COLOR_NAME = AccentColor;
				CODE_SIGN_STYLE = Automatic;
				CURRENT_PROJECT_VERSION = 1;
				DEVELOPMENT_TEAM = UNMAYVRLD7;
				GENERATE_INFOPLIST_FILE = YES;
				INFOPLIST_FILE = AsianFoodMenu/App/Info.plist;
				INFOPLIST_KEY_UIApplicationSupportsIndirectInputEvents = YES;
				INFOPLIST_KEY_UILaunchStoryboardName = LaunchScreen;
				INFOPLIST_KEY_UISupportedInterfaceOrientations_iPad = "UIInterfaceOrientationPortrait UIInterfaceOrientationPortraitUpsideDown UIInterfaceOrientationLandscapeLeft UIInterfaceOrientationLandscapeRight";
				INFOPLIST_KEY_UISupportedInterfaceOrientations_iPhone = "UIInterfaceOrientationPortrait UIInterfaceOrientationLandscapeLeft UIInterfaceOrientationLandscapeRight";
				IPHONEOS_DEPLOYMENT_TARGET = 15.0;
				LD_RUNPATH_SEARCH_PATHS = (
					"$(inherited)",
					"@executable_path/Frameworks",
				);
				MARKETING_VERSION = 1.0;
				PRODUCT_BUNDLE_IDENTIFIER = ru.RomanKozlovsky.AsianFoodMenu;
				PRODUCT_NAME = "$(TARGET_NAME)";
				SUPPORTED_PLATFORMS = "iphoneos iphonesimulator";
				SUPPORTS_MACCATALYST = NO;
				SUPPORTS_MAC_DESIGNED_FOR_IPHONE_IPAD = NO;
				SWIFT_EMIT_LOC_STRINGS = YES;
				SWIFT_VERSION = 5.0;
				TARGETED_DEVICE_FAMILY = 1;
			};
			name = Debug;
		};
		4E6501502ABC5C2D00D0FD22 /* Release */ = {
			isa = XCBuildConfiguration;
			buildSettings = {
				ASSETCATALOG_COMPILER_APPICON_NAME = AppIcon;
				ASSETCATALOG_COMPILER_GLOBAL_ACCENT_COLOR_NAME = AccentColor;
				CODE_SIGN_STYLE = Automatic;
				CURRENT_PROJECT_VERSION = 1;
				DEVELOPMENT_TEAM = UNMAYVRLD7;
				GENERATE_INFOPLIST_FILE = YES;
				INFOPLIST_FILE = AsianFoodMenu/App/Info.plist;
				INFOPLIST_KEY_UIApplicationSupportsIndirectInputEvents = YES;
				INFOPLIST_KEY_UILaunchStoryboardName = LaunchScreen;
				INFOPLIST_KEY_UISupportedInterfaceOrientations_iPad = "UIInterfaceOrientationPortrait UIInterfaceOrientationPortraitUpsideDown UIInterfaceOrientationLandscapeLeft UIInterfaceOrientationLandscapeRight";
				INFOPLIST_KEY_UISupportedInterfaceOrientations_iPhone = "UIInterfaceOrientationPortrait UIInterfaceOrientationLandscapeLeft UIInterfaceOrientationLandscapeRight";
				IPHONEOS_DEPLOYMENT_TARGET = 15.0;
				LD_RUNPATH_SEARCH_PATHS = (
					"$(inherited)",
					"@executable_path/Frameworks",
				);
				MARKETING_VERSION = 1.0;
				PRODUCT_BUNDLE_IDENTIFIER = ru.RomanKozlovsky.AsianFoodMenu;
				PRODUCT_NAME = "$(TARGET_NAME)";
				SUPPORTED_PLATFORMS = "iphoneos iphonesimulator";
				SUPPORTS_MACCATALYST = NO;
				SUPPORTS_MAC_DESIGNED_FOR_IPHONE_IPAD = NO;
				SWIFT_EMIT_LOC_STRINGS = YES;
				SWIFT_VERSION = 5.0;
				TARGETED_DEVICE_FAMILY = 1;
			};
			name = Release;
		};
/* End XCBuildConfiguration section */

/* Begin XCConfigurationList section */
		4E6501352ABC5C2C00D0FD22 /* Build configuration list for PBXProject "AsianFoodMenu" */ = {
			isa = XCConfigurationList;
			buildConfigurations = (
				4E65014C2ABC5C2D00D0FD22 /* Debug */,
				4E65014D2ABC5C2D00D0FD22 /* Release */,
			);
			defaultConfigurationIsVisible = 0;
			defaultConfigurationName = Release;
		};
		4E65014E2ABC5C2D00D0FD22 /* Build configuration list for PBXNativeTarget "AsianFoodMenu" */ = {
			isa = XCConfigurationList;
			buildConfigurations = (
				4E65014F2ABC5C2D00D0FD22 /* Debug */,
				4E6501502ABC5C2D00D0FD22 /* Release */,
			);
			defaultConfigurationIsVisible = 0;
			defaultConfigurationName = Release;
		};
/* End XCConfigurationList section */
	};
	rootObject = 4E6501322ABC5C2C00D0FD22 /* Project object */;
}
